packages:
  - name: dbt_utils
    package: dbt-labs/dbt_utils
    version: 1.3.3
  - name: audit_helper
    package: dbt-labs/audit_helper
    version: 0.12.1
  - name: dbt_meta_testing
    package: tnightengale/dbt_meta_testing
    version: 0.3.6
sha1_hash: c66f91e6853aa039ed5a11906c5d8158f8f36afc
